// !$*UTF8*$!
{
	archiveVersion = 1;
	classes = {
	};
	objectVersion = 77;
	objects = {

/* Begin PBXContainerItemProxy section */
		5108F29A2CC546DC00E7B756 /* PBXContainerItemProxy */ = {
			isa = PBXContainerItemProxy;
			containerPortal = 5108F2812CC546D900E7B756 /* Project object */;
			proxyType = 1;
			remoteGlobalIDString = 5108F2882CC546D900E7B756;
			remoteInfo = "inc project final";
		};
		5108F2A42CC546DC00E7B756 /* PBXContainerItemProxy */ = {
			isa = PBXContainerItemProxy;
			containerPortal = 5108F2812CC546D900E7B756 /* Project object */;
			proxyType = 1;
			remoteGlobalIDString = 5108F2882CC546D900E7B756;
			remoteInfo = "inc project final";
		};
/* End PBXContainerItemProxy section */

/* Begin PBXFileReference section */
		5108F2892CC546D900E7B756 /* inc project final.app */ = {isa = PBXFileReference; explicitFileType = wrapper.application; includeInIndex = 0; path = "inc project final.app"; sourceTree = BUILT_PRODUCTS_DIR; };
		5108F2992CC546DC00E7B756 /* inc project finalTests.xctest */ = {isa = PBXFileReference; explicitFileType = wrapper.cfbundle; includeInIndex = 0; path = "inc project finalTests.xctest"; sourceTree = BUILT_PRODUCTS_DIR; };
		5108F2A32CC546DC00E7B756 /* inc project finalUITests.xctest */ = {isa = PBXFileReference; explicitFileType = wrapper.cfbundle; includeInIndex = 0; path = "inc project finalUITests.xctest"; sourceTree = BUILT_PRODUCTS_DIR; };
/* End PBXFileReference section */

/* Begin PBXFileSystemSynchronizedRootGroup section */
		5108F28B2CC546D900E7B756 /* inc project final */ = {
			isa = PBXFileSystemSynchronizedRootGroup;
			path = "inc project final";
			sourceTree = "<group>";
		};
		5108F29C2CC546DC00E7B756 /* inc project finalTests */ = {
			isa = PBXFileSystemSynchronizedRootGroup;
			path = "inc project finalTests";
			sourceTree = "<group>";
		};
		5108F2A62CC546DC00E7B756 /* inc project finalUITests */ = {
			isa = PBXFileSystemSynchronizedRootGroup;
			path = "inc project finalUITests";
			sourceTree = "<group>";
		};
/* End PBXFileSystemSynchronizedRootGroup section */

/* Begin PBXFrameworksBuildPhase section */
		5108F2862CC546D900E7B756 /* Frameworks */ = {
			isa = PBXFrameworksBuildPhase;
			buildActionMask = 2147483647;
			files = (
			);
			runOnlyForDeploymentPostprocessing = 0;
		};
		5108F2962CC546DC00E7B756 /* Frameworks */ = {
			isa = PBXFrameworksBuildPhase;
			buildActionMask = 2147483647;
			files = (
			);
			runOnlyForDeploymentPostprocessing = 0;
		};
		5108F2A02CC546DC00E7B756 /* Frameworks */ = {
			isa = PBXFrameworksBuildPhase;
			buildActionMask = 2147483647;
			files = (
			);
			runOnlyForDeploymentPostprocessing = 0;
		};
/* End PBXFrameworksBuildPhase section */

/* Begin PBXGroup section */
		5108F2802CC546D900E7B756 = {
			isa = PBXGroup;
			children = (
				5108F28B2CC546D900E7B756 /* inc project final */,
				5108F29C2CC546DC00E7B756 /* inc project finalTests */,
				5108F2A62CC546DC00E7B756 /* inc project finalUITests */,
				5108F28A2CC546D900E7B756 /* Products */,
			);
			sourceTree = "<group>";
		};
		5108F28A2CC546D900E7B756 /* Products */ = {
			isa = PBXGroup;
			children = (
				5108F2892CC546D900E7B756 /* inc project final.app */,
				5108F2992CC546DC00E7B756 /* inc project finalTests.xctest */,
				5108F2A32CC546DC00E7B756 /* inc project finalUITests.xctest */,
			);
			name = Products;
			sourceTree = "<group>";
		};
/* End PBXGroup section */

/* Begin PBXNativeTarget section */
		5108F2882CC546D900E7B756 /* inc project final */ = {
			isa = PBXNativeTarget;
			buildConfigurationList = 5108F2AD2CC546DC00E7B756 /* Build configuration list for PBXNativeTarget "inc project final" */;
			buildPhases = (
				5108F2852CC546D900E7B756 /* Sources */,
				5108F2862CC546D900E7B756 /* Frameworks */,
				5108F2872CC546D900E7B756 /* Resources */,
			);
			buildRules = (
			);
			dependencies = (
			);
			fileSystemSynchronizedGroups = (
				5108F28B2CC546D900E7B756 /* inc project final */,
			);
			name = "inc project final";
			packageProductDependencies = (
			);
			productName = "inc project final";
			productReference = 5108F2892CC546D900E7B756 /* inc project final.app */;
			productType = "com.apple.product-type.application";
		};
		5108F2982CC546DC00E7B756 /* inc project finalTests */ = {
			isa = PBXNativeTarget;
			buildConfigurationList = 5108F2B02CC546DC00E7B756 /* Build configuration list for PBXNativeTarget "inc project finalTests" */;
			buildPhases = (
				5108F2952CC546DC00E7B756 /* Sources */,
				5108F2962CC546DC00E7B756 /* Frameworks */,
				5108F2972CC546DC00E7B756 /* Resources */,
			);
			buildRules = (
			);
			dependencies = (
				5108F29B2CC546DC00E7B756 /* PBXTargetDependency */,
			);
			fileSystemSynchronizedGroups = (
				5108F29C2CC546DC00E7B756 /* inc project finalTests */,
			);
			name = "inc project finalTests";
			packageProductDependencies = (
			);
			productName = "inc project finalTests";
			productReference = 5108F2992CC546DC00E7B756 /* inc project finalTests.xctest */;
			productType = "com.apple.product-type.bundle.unit-test";
		};
		5108F2A22CC546DC00E7B756 /* inc project finalUITests */ = {
			isa = PBXNativeTarget;
			buildConfigurationList = 5108F2B32CC546DC00E7B756 /* Build configuration list for PBXNativeTarget "inc project finalUITests" */;
			buildPhases = (
				5108F29F2CC546DC00E7B756 /* Sources */,
				5108F2A02CC546DC00E7B756 /* Frameworks */,
				5108F2A12CC546DC00E7B756 /* Resources */,
			);
			buildRules = (
			);
			dependencies = (
				5108F2A52CC546DC00E7B756 /* PBXTargetDependency */,
			);
			fileSystemSynchronizedGroups = (
				5108F2A62CC546DC00E7B756 /* inc project finalUITests */,
			);
			name = "inc project finalUITests";
			packageProductDependencies = (
			);
			productName = "inc project finalUITests";
			productReference = 5108F2A32CC546DC00E7B756 /* inc project finalUITests.xctest */;
			productType = "com.apple.product-type.bundle.ui-testing";
		};
/* End PBXNativeTarget section */

/* Begin PBXProject section */
		5108F2812CC546D900E7B756 /* Project object */ = {
			isa = PBXProject;
			attributes = {
				BuildIndependentTargetsInParallel = 1;
				LastSwiftUpdateCheck = 1600;
				LastUpgradeCheck = 1600;
				TargetAttributes = {
					5108F2882CC546D900E7B756 = {
						CreatedOnToolsVersion = 16.0;
					};
					5108F2982CC546DC00E7B756 = {
						CreatedOnToolsVersion = 16.0;
						TestTargetID = 5108F2882CC546D900E7B756;
					};
					5108F2A22CC546DC00E7B756 = {
						CreatedOnToolsVersion = 16.0;
						TestTargetID = 5108F2882CC546D900E7B756;
					};
				};
			};
			buildConfigurationList = 5108F2842CC546D900E7B756 /* Build configuration list for PBXProject "inc project final" */;
			developmentRegion = en;
			hasScannedForEncodings = 0;
			knownRegions = (
				en,
				Base,
			);
			mainGroup = 5108F2802CC546D900E7B756;
			minimizedProjectReferenceProxies = 1;
			preferredProjectObjectVersion = 77;
			productRefGroup = 5108F28A2CC546D900E7B756 /* Products */;
			projectDirPath = "";
			projectRoot = "";
			targets = (
				5108F2882CC546D900E7B756 /* inc project final */,
				5108F2982CC546DC00E7B756 /* inc project finalTests */,
				5108F2A22CC546DC00E7B756 /* inc project finalUITests */,
			);
		};
/* End PBXProject section */

/* Begin PBXResourcesBuildPhase section */
		5108F2872CC546D900E7B756 /* Resources */ = {
			isa = PBXResourcesBuildPhase;
			buildActionMask = 2147483647;
			files = (
			);
			runOnlyForDeploymentPostprocessing = 0;
		};
		5108F2972CC546DC00E7B756 /* Resources */ = {
			isa = PBXResourcesBuildPhase;
			buildActionMask = 2147483647;
			files = (
			);
			runOnlyForDeploymentPostprocessing = 0;
		};
		5108F2A12CC546DC00E7B756 /* Resources */ = {
			isa = PBXResourcesBuildPhase;
			buildActionMask = 2147483647;
			files = (
			);
			runOnlyForDeploymentPostprocessing = 0;
		};
/* End PBXResourcesBuildPhase section */

/* Begin PBXSourcesBuildPhase section */
		5108F2852CC546D900E7B756 /* Sources */ = {
			isa = PBXSourcesBuildPhase;
			buildActionMask = 2147483647;
			files = (
			);
			runOnlyForDeploymentPostprocessing = 0;
		};
		5108F2952CC546DC00E7B756 /* Sources */ = {
			isa = PBXSourcesBuildPhase;
			buildActionMask = 2147483647;
			files = (
			);
			runOnlyForDeploymentPostprocessing = 0;
		};
		5108F29F2CC546DC00E7B756 /* Sources */ = {
			isa = PBXSourcesBuildPhase;
			buildActionMask = 2147483647;
			files = (
			);
			runOnlyForDeploymentPostprocessing = 0;
		};
/* End PBXSourcesBuildPhase section */

/* Begin PBXTargetDependency section */
		5108F29B2CC546DC00E7B756 /* PBXTargetDependency */ = {
			isa = PBXTargetDependency;
			target = 5108F2882CC546D900E7B756 /* inc project final */;
			targetProxy = 5108F29A2CC546DC00E7B756 /* PBXContainerItemProxy */;
		};
		5108F2A52CC546DC00E7B756 /* PBXTargetDependency */ = {
			isa = PBXTargetDependency;
			target = 5108F2882CC546D900E7B756 /* inc project final */;
			targetProxy = 5108F2A42CC546DC00E7B756 /* PBXContainerItemProxy */;
		};
/* End PBXTargetDependency section */

/* Begin XCBuildConfiguration section */
		5108F2AB2CC546DC00E7B756 /* Debug */ = {
			isa = XCBuildConfiguration;
			buildSettings = {
				ALWAYS_SEARCH_USER_PATHS = NO;
				ASSETCATALOG_COMPILER_GENERATE_SWIFT_ASSET_SYMBOL_EXTENSIONS = YES;
				CLANG_ANALYZER_NONNULL = YES;
				CLANG_ANALYZER_NUMBER_OBJECT_CONVERSION = YES_AGGRESSIVE;
				CLANG_CXX_LANGUAGE_STANDARD = "gnu++20";
				CLANG_ENABLE_MODULES = YES;
				CLANG_ENABLE_OBJC_ARC = YES;
				CLANG_ENABLE_OBJC_WEAK = YES;
				CLANG_WARN_BLOCK_CAPTURE_AUTORELEASING = YES;
				CLANG_WARN_BOOL_CONVERSION = YES;
				CLANG_WARN_COMMA = YES;
				CLANG_WARN_CONSTANT_CONVERSION = YES;
				CLANG_WARN_DEPRECATED_OBJC_IMPLEMENTATIONS = YES;
				CLANG_WARN_DIRECT_OBJC_ISA_USAGE = YES_ERROR;
				CLANG_WARN_DOCUMENTATION_COMMENTS = YES;
				CLANG_WARN_EMPTY_BODY = YES;
				CLANG_WARN_ENUM_CONVERSION = YES;
				CLANG_WARN_INFINITE_RECURSION = YES;
				CLANG_WARN_INT_CONVERSION = YES;
				CLANG_WARN_NON_LITERAL_NULL_CONVERSION = YES;
				CLANG_WARN_OBJC_IMPLICIT_RETAIN_SELF = YES;
				CLANG_WARN_OBJC_LITERAL_CONVERSION = YES;
				CLANG_WARN_OBJC_ROOT_CLASS = YES_ERROR;
				CLANG_WARN_QUOTED_INCLUDE_IN_FRAMEWORK_HEADER = YES;
				CLANG_WARN_RANGE_LOOP_ANALYSIS = YES;
				CLANG_WARN_STRICT_PROTOTYPES = YES;
				CLANG_WARN_SUSPICIOUS_MOVE = YES;
				CLANG_WARN_UNGUARDED_AVAILABILITY = YES_AGGRESSIVE;
				CLANG_WARN_UNREACHABLE_CODE = YES;
				CLANG_WARN__DUPLICATE_METHOD_MATCH = YES;
				COPY_PHASE_STRIP = NO;
				DEBUG_INFORMATION_FORMAT = dwarf;
				ENABLE_STRICT_OBJC_MSGSEND = YES;
				ENABLE_TESTABILITY = YES;
				ENABLE_USER_SCRIPT_SANDBOXING = YES;
				GCC_C_LANGUAGE_STANDARD = gnu17;
				GCC_DYNAMIC_NO_PIC = NO;
				GCC_NO_COMMON_BLOCKS = YES;
				GCC_OPTIMIZATION_LEVEL = 0;
				GCC_PREPROCESSOR_DEFINITIONS = (
					"DEBUG=1",
					"$(inherited)",
				);
				GCC_WARN_64_TO_32_BIT_CONVERSION = YES;
				GCC_WARN_ABOUT_RETURN_TYPE = YES_ERROR;
				GCC_WARN_UNDECLARED_SELECTOR = YES;
				GCC_WARN_UNINITIALIZED_AUTOS = YES_AGGRESSIVE;
				GCC_WARN_UNUSED_FUNCTION = YES;
				GCC_WARN_UNUSED_VARIABLE = YES;
				IPHONEOS_DEPLOYMENT_TARGET = 18.0;
				LOCALIZATION_PREFERS_STRING_CATALOGS = YES;
				MTL_ENABLE_DEBUG_INFO = INCLUDE_SOURCE;
				MTL_FAST_MATH = YES;
				ONLY_ACTIVE_ARCH = YES;
				SDKROOT = iphoneos;
				SWIFT_ACTIVE_COMPILATION_CONDITIONS = "DEBUG $(inherited)";
				SWIFT_OPTIMIZATION_LEVEL = "-Onone";
			};
			name = Debug;
		};
		5108F2AC2CC546DC00E7B756 /* Release */ = {
			isa = XCBuildConfiguration;
			buildSettings = {
				ALWAYS_SEARCH_USER_PATHS = NO;
				ASSETCATALOG_COMPILER_GENERATE_SWIFT_ASSET_SYMBOL_EXTENSIONS = YES;
				CLANG_ANALYZER_NONNULL = YES;
				CLANG_ANALYZER_NUMBER_OBJECT_CONVERSION = YES_AGGRESSIVE;
				CLANG_CXX_LANGUAGE_STANDARD = "gnu++20";
				CLANG_ENABLE_MODULES = YES;
				CLANG_ENABLE_OBJC_ARC = YES;
				CLANG_ENABLE_OBJC_WEAK = YES;
				CLANG_WARN_BLOCK_CAPTURE_AUTORELEASING = YES;
				CLANG_WARN_BOOL_CONVERSION = YES;
				CLANG_WARN_COMMA = YES;
				CLANG_WARN_CONSTANT_CONVERSION = YES;
				CLANG_WARN_DEPRECATED_OBJC_IMPLEMENTATIONS = YES;
				CLANG_WARN_DIRECT_OBJC_ISA_USAGE = YES_ERROR;
				CLANG_WARN_DOCUMENTATION_COMMENTS = YES;
				CLANG_WARN_EMPTY_BODY = YES;
				CLANG_WARN_ENUM_CONVERSION = YES;
				CLANG_WARN_INFINITE_RECURSION = YES;
				CLANG_WARN_INT_CONVERSION = YES;
				CLANG_WARN_NON_LITERAL_NULL_CONVERSION = YES;
				CLANG_WARN_OBJC_IMPLICIT_RETAIN_SELF = YES;
				CLANG_WARN_OBJC_LITERAL_CONVERSION = YES;
				CLANG_WARN_OBJC_ROOT_CLASS = YES_ERROR;
				CLANG_WARN_QUOTED_INCLUDE_IN_FRAMEWORK_HEADER = YES;
				CLANG_WARN_RANGE_LOOP_ANALYSIS = YES;
				CLANG_WARN_STRICT_PROTOTYPES = YES;
				CLANG_WARN_SUSPICIOUS_MOVE = YES;
				CLANG_WARN_UNGUARDED_AVAILABILITY = YES_AGGRESSIVE;
				CLANG_WARN_UNREACHABLE_CODE = YES;
				CLANG_WARN__DUPLICATE_METHOD_MATCH = YES;
				COPY_PHASE_STRIP = NO;
				DEBUG_INFORMATION_FORMAT = "dwarf-with-dsym";
				ENABLE_NS_ASSERTIONS = NO;
				ENABLE_STRICT_OBJC_MSGSEND = YES;
				ENABLE_USER_SCRIPT_SANDBOXING = YES;
				GCC_C_LANGUAGE_STANDARD = gnu17;
				GCC_NO_COMMON_BLOCKS = YES;
				GCC_WARN_64_TO_32_BIT_CONVERSION = YES;
				GCC_WARN_ABOUT_RETURN_TYPE = YES_ERROR;
				GCC_WARN_UNDECLARED_SELECTOR = YES;
				GCC_WARN_UNINITIALIZED_AUTOS = YES_AGGRESSIVE;
				GCC_WARN_UNUSED_FUNCTION = YES;
				GCC_WARN_UNUSED_VARIABLE = YES;
				IPHONEOS_DEPLOYMENT_TARGET = 18.0;
				LOCALIZATION_PREFERS_STRING_CATALOGS = YES;
				MTL_ENABLE_DEBUG_INFO = NO;
				MTL_FAST_MATH = YES;
				SDKROOT = iphoneos;
				SWIFT_COMPILATION_MODE = wholemodule;
				VALIDATE_PRODUCT = YES;
			};
			name = Release;
		};
		5108F2AE2CC546DC00E7B756 /* Debug */ = {
			isa = XCBuildConfiguration;
			buildSettings = {
				ASSETCATALOG_COMPILER_APPICON_NAME = AppIcon;
				ASSETCATALOG_COMPILER_GLOBAL_ACCENT_COLOR_NAME = AccentColor;
				CODE_SIGN_STYLE = Automatic;
				CURRENT_PROJECT_VERSION = 1;
				DEVELOPMENT_ASSET_PATHS = "\"inc project final/Preview Content\"";
				ENABLE_PREVIEWS = YES;
				GENERATE_INFOPLIST_FILE = YES;
				INFOPLIST_KEY_UIApplicationSceneManifest_Generation = YES;
				INFOPLIST_KEY_UIApplicationSupportsIndirectInputEvents = YES;
				INFOPLIST_KEY_UILaunchScreen_Generation = YES;
				INFOPLIST_KEY_UISupportedInterfaceOrientations_iPad = "UIInterfaceOrientationPortrait UIInterfaceOrientationPortraitUpsideDown UIInterfaceOrientationLandscapeLeft UIInterfaceOrientationLandscapeRight";
				INFOPLIST_KEY_UISupportedInterfaceOrientations_iPhone = "UIInterfaceOrientationPortrait UIInterfaceOrientationLandscapeLeft UIInterfaceOrientationLandscapeRight";
				LD_RUNPATH_SEARCH_PATHS = (
					"$(inherited)",
					"@executable_path/Frameworks",
				);
				MARKETING_VERSION = 1.0;
				PRODUCT_BUNDLE_IDENTIFIER = "s2024.ssts.edu.sg.inc-project-final";
				PRODUCT_NAME = "$(TARGET_NAME)";
				SWIFT_EMIT_LOC_STRINGS = YES;
				SWIFT_VERSION = 5.0;
				TARGETED_DEVICE_FAMILY = "1,2";
			};
			name = Debug;
		};
		5108F2AF2CC546DC00E7B756 /* Release */ = {
			isa = XCBuildConfiguration;
			buildSettings = {
				ASSETCATALOG_COMPILER_APPICON_NAME = AppIcon;
				ASSETCATALOG_COMPILER_GLOBAL_ACCENT_COLOR_NAME = AccentColor;
				CODE_SIGN_STYLE = Automatic;
				CURRENT_PROJECT_VERSION = 1;
				DEVELOPMENT_ASSET_PATHS = "\"inc project final/Preview Content\"";
				ENABLE_PREVIEWS = YES;
				GENERATE_INFOPLIST_FILE = YES;
				INFOPLIST_KEY_UIApplicationSceneManifest_Generation = YES;
				INFOPLIST_KEY_UIApplicationSupportsIndirectInputEvents = YES;
				INFOPLIST_KEY_UILaunchScreen_Generation = YES;
				INFOPLIST_KEY_UISupportedInterfaceOrientations_iPad = "UIInterfaceOrientationPortrait UIInterfaceOrientationPortraitUpsideDown UIInterfaceOrientationLandscapeLeft UIInterfaceOrientationLandscapeRight";
				INFOPLIST_KEY_UISupportedInterfaceOrientations_iPhone = "UIInterfaceOrientationPortrait UIInterfaceOrientationLandscapeLeft UIInterfaceOrientationLandscapeRight";
				LD_RUNPATH_SEARCH_PATHS = (
					"$(inherited)",
					"@executable_path/Frameworks",
				);
				MARKETING_VERSION = 1.0;
				PRODUCT_BUNDLE_IDENTIFIER = "s2024.ssts.edu.sg.inc-project-final";
				PRODUCT_NAME = "$(TARGET_NAME)";
				SWIFT_EMIT_LOC_STRINGS = YES;
				SWIFT_VERSION = 5.0;
				TARGETED_DEVICE_FAMILY = "1,2";
			};
			name = Release;
		};
		5108F2B12CC546DC00E7B756 /* Debug */ = {
			isa = XCBuildConfiguration;
			buildSettings = {
				BUNDLE_LOADER = "$(TEST_HOST)";
				CODE_SIGN_STYLE = Automatic;
				CURRENT_PROJECT_VERSION = 1;
				GENERATE_INFOPLIST_FILE = YES;
				IPHONEOS_DEPLOYMENT_TARGET = 18.0;
				MARKETING_VERSION = 1.0;
				PRODUCT_BUNDLE_IDENTIFIER = "s2024.ssts.edu.sg.inc-project-finalTests";
				PRODUCT_NAME = "$(TARGET_NAME)";
				SWIFT_EMIT_LOC_STRINGS = NO;
				SWIFT_VERSION = 5.0;
				TARGETED_DEVICE_FAMILY = "1,2";
				TEST_HOST = "$(BUILT_PRODUCTS_DIR)/inc project final.app/$(BUNDLE_EXECUTABLE_FOLDER_PATH)/inc project final";
			};
			name = Debug;
		};
		5108F2B22CC546DC00E7B756 /* Release */ = {
			isa = XCBuildConfiguration;
			buildSettings = {
				BUNDLE_LOADER = "$(TEST_HOST)";
				CODE_SIGN_STYLE = Automatic;
				CURRENT_PROJECT_VERSION = 1;
				GENERATE_INFOPLIST_FILE = YES;
				IPHONEOS_DEPLOYMENT_TARGET = 18.0;
				MARKETING_VERSION = 1.0;
				PRODUCT_BUNDLE_IDENTIFIER = "s2024.ssts.edu.sg.inc-project-finalTests";
				PRODUCT_NAME = "$(TARGET_NAME)";
				SWIFT_EMIT_LOC_STRINGS = NO;
				SWIFT_VERSION = 5.0;
				TARGETED_DEVICE_FAMILY = "1,2";
				TEST_HOST = "$(BUILT_PRODUCTS_DIR)/inc project final.app/$(BUNDLE_EXECUTABLE_FOLDER_PATH)/inc project final";
			};
			name = Release;
		};
		5108F2B42CC546DC00E7B756 /* Debug */ = {
			isa = XCBuildConfiguration;
			buildSettings = {
				CODE_SIGN_STYLE = Automatic;
				CURRENT_PROJECT_VERSION = 1;
				GENERATE_INFOPLIST_FILE = YES;
				MARKETING_VERSION = 1.0;
				PRODUCT_BUNDLE_IDENTIFIER = "s2024.ssts.edu.sg.inc-project-finalUITests";
				PRODUCT_NAME = "$(TARGET_NAME)";
				SWIFT_EMIT_LOC_STRINGS = NO;
				SWIFT_VERSION = 5.0;
				TARGETED_DEVICE_FAMILY = "1,2";
				TEST_TARGET_NAME = "inc project final";
			};
			name = Debug;
		};
		5108F2B52CC546DC00E7B756 /* Release */ = {
			isa = XCBuildConfiguration;
			buildSettings = {
				CODE_SIGN_STYLE = Automatic;
				CURRENT_PROJECT_VERSION = 1;
				GENERATE_INFOPLIST_FILE = YES;
				MARKETING_VERSION = 1.0;
				PRODUCT_BUNDLE_IDENTIFIER = "s2024.ssts.edu.sg.inc-project-finalUITests";
				PRODUCT_NAME = "$(TARGET_NAME)";
				SWIFT_EMIT_LOC_STRINGS = NO;
				SWIFT_VERSION = 5.0;
				TARGETED_DEVICE_FAMILY = "1,2";
				TEST_TARGET_NAME = "inc project final";
			};
			name = Release;
		};
/* End XCBuildConfiguration section */

/* Begin XCConfigurationList section */
		5108F2842CC546D900E7B756 /* Build configuration list for PBXProject "inc project final" */ = {
			isa = XCConfigurationList;
			buildConfigurations = (
				5108F2AB2CC546DC00E7B756 /* Debug */,
				5108F2AC2CC546DC00E7B756 /* Release */,
			);
			defaultConfigurationIsVisible = 0;
			defaultConfigurationName = Release;
		};
		5108F2AD2CC546DC00E7B756 /* Build configuration list for PBXNativeTarget "inc project final" */ = {
			isa = XCConfigurationList;
			buildConfigurations = (
				5108F2AE2CC546DC00E7B756 /* Debug */,
				5108F2AF2CC546DC00E7B756 /* Release */,
			);
			defaultConfigurationIsVisible = 0;
			defaultConfigurationName = Release;
		};
		5108F2B02CC546DC00E7B756 /* Build configuration list for PBXNativeTarget "inc project finalTests" */ = {
			isa = XCConfigurationList;
			buildConfigurations = (
				5108F2B12CC546DC00E7B756 /* Debug */,
				5108F2B22CC546DC00E7B756 /* Release */,
			);
			defaultConfigurationIsVisible = 0;
			defaultConfigurationName = Release;
		};
		5108F2B32CC546DC00E7B756 /* Build configuration list for PBXNativeTarget "inc project finalUITests" */ = {
			isa = XCConfigurationList;
			buildConfigurations = (
				5108F2B42CC546DC00E7B756 /* Debug */,
				5108F2B52CC546DC00E7B756 /* Release */,
			);
			defaultConfigurationIsVisible = 0;
			defaultConfigurationName = Release;
		};
/* End XCConfigurationList section */
	};
	rootObject = 5108F2812CC546D900E7B756 /* Project object */;
}
